
Microsoft Visual Studio Solution File, Format Version 12.00
# Visual Studio 15
VisualStudioVersion = 15.0.27130.2027
MinimumVisualStudioVersion = 10.0.40219.1
Project("{FAE04EC0-301F-11D3-BF4B-00C04F79EFBC}") = "Skeleton", "Skeleton\Skeleton.csproj", "{965D3BDC-3F85-4796-BB89-AFB0977AFEA1}"
EndProject
Global
	GlobalSection(SolutionConfigurationPlatforms) = preSolution
		Debug|Any CPU = Debug|Any CPU
		Release|Any CPU = Release|Any CPU
	EndGlobalSection
	GlobalSection(ProjectConfigurationPlatforms) = postSolution
		{965D3BDC-3F85-4796-BB89-AFB0977AFEA1}.Debug|Any CPU.ActiveCfg = Debug|Any CPU
		{965D3BDC-3F85-4796-BB89-AFB0977AFEA1}.Debug|Any CPU.Build.0 = Debug|Any CPU
		{965D3BDC-3F85-4796-BB89-AFB0977AFEA1}.Release|Any CPU.ActiveCfg = Release|Any CPU
		{965D3BDC-3F85-4796-BB89-AFB0977AFEA1}.Release|Any CPU.Build.0 = Release|Any CPU
	EndGlobalSection
	GlobalSection(SolutionProperties) = preSolution
		HideSolutionNode = FALSE
	EndGlobalSection
	GlobalSection(ExtensibilityGlobals) = postSolution
		SolutionGuid = {B8A3035A-C425-46D4-AE47-1A3784FB6F7A}
	EndGlobalSection
EndGlobal
